// !$*UTF8*$!
{
	archiveVersion = 1;
	classes = {
	};
	objectVersion = 48;
	objects = {

/* Begin PBXBuildFile section */
		6D4769141FD1F61800E192E8 /* AppDelegate.swift in Sources */ = {isa = PBXBuildFile; fileRef = 6D4769131FD1F61800E192E8 /* AppDelegate.swift */; };
		6D4769161FD1F61800E192E8 /* ViewController.swift in Sources */ = {isa = PBXBuildFile; fileRef = 6D4769151FD1F61800E192E8 /* ViewController.swift */; };
		6D4769191FD1F61800E192E8 /* Main.storyboard in Resources */ = {isa = PBXBuildFile; fileRef = 6D4769171FD1F61800E192E8 /* Main.storyboard */; };
		6D47691C1FD1F61800E192E8 /* Expenses.xcdatamodeld in Sources */ = {isa = PBXBuildFile; fileRef = 6D47691A1FD1F61800E192E8 /* Expenses.xcdatamodeld */; };
		6D47691E1FD1F61800E192E8 /* Assets.xcassets in Resources */ = {isa = PBXBuildFile; fileRef = 6D47691D1FD1F61800E192E8 /* Assets.xcassets */; };
		6D4769211FD1F61800E192E8 /* LaunchScreen.storyboard in Resources */ = {isa = PBXBuildFile; fileRef = 6D47691F1FD1F61800E192E8 /* LaunchScreen.storyboard */; };
		6D47692C1FD1F61800E192E8 /* ExpensesTests.swift in Sources */ = {isa = PBXBuildFile; fileRef = 6D47692B1FD1F61800E192E8 /* ExpensesTests.swift */; };
		6D4769371FD1F61800E192E8 /* ExpensesUITests.swift in Sources */ = {isa = PBXBuildFile; fileRef = 6D4769361FD1F61800E192E8 /* ExpensesUITests.swift */; };
		6D4769461FD1F6D900E192E8 /* Expense+CoreDataClass.swift in Sources */ = {isa = PBXBuildFile; fileRef = 6D4769441FD1F6D900E192E8 /* Expense+CoreDataClass.swift */; };
		6D4769471FD1F6D900E192E8 /* Expense+CoreDataProperties.swift in Sources */ = {isa = PBXBuildFile; fileRef = 6D4769451FD1F6D900E192E8 /* Expense+CoreDataProperties.swift */; };
		6D47694B1FD2558600E192E8 /* ExpenseViewController.swift in Sources */ = {isa = PBXBuildFile; fileRef = 6D47694A1FD2558600E192E8 /* ExpenseViewController.swift */; };
/* End PBXBuildFile section */

/* Begin PBXContainerItemProxy section */
		6D4769281FD1F61800E192E8 /* PBXContainerItemProxy */ = {
			isa = PBXContainerItemProxy;
			containerPortal = 6D4769081FD1F61800E192E8 /* Project object */;
			proxyType = 1;
			remoteGlobalIDString = 6D47690F1FD1F61800E192E8;
			remoteInfo = Expenses;
		};
		6D4769331FD1F61800E192E8 /* PBXContainerItemProxy */ = {
			isa = PBXContainerItemProxy;
			containerPortal = 6D4769081FD1F61800E192E8 /* Project object */;
			proxyType = 1;
			remoteGlobalIDString = 6D47690F1FD1F61800E192E8;
			remoteInfo = Expenses;
		};
/* End PBXContainerItemProxy section */

/* Begin PBXFileReference section */
		6D4769101FD1F61800E192E8 /* Expenses.app */ = {isa = PBXFileReference; explicitFileType = wrapper.application; includeInIndex = 0; path = Expenses.app; sourceTree = BUILT_PRODUCTS_DIR; };
		6D4769131FD1F61800E192E8 /* AppDelegate.swift */ = {isa = PBXFileReference; lastKnownFileType = sourcecode.swift; path = AppDelegate.swift; sourceTree = "<group>"; };
		6D4769151FD1F61800E192E8 /* ViewController.swift */ = {isa = PBXFileReference; lastKnownFileType = sourcecode.swift; path = ViewController.swift; sourceTree = "<group>"; };
		6D4769181FD1F61800E192E8 /* Base */ = {isa = PBXFileReference; lastKnownFileType = file.storyboard; name = Base; path = Base.lproj/Main.storyboard; sourceTree = "<group>"; };
		6D47691B1FD1F61800E192E8 /* Expenses.xcdatamodel */ = {isa = PBXFileReference; lastKnownFileType = wrapper.xcdatamodel; path = Expenses.xcdatamodel; sourceTree = "<group>"; };
		6D47691D1FD1F61800E192E8 /* Assets.xcassets */ = {isa = PBXFileReference; lastKnownFileType = folder.assetcatalog; path = Assets.xcassets; sourceTree = "<group>"; };
		6D4769201FD1F61800E192E8 /* Base */ = {isa = PBXFileReference; lastKnownFileType = file.storyboard; name = Base; path = Base.lproj/LaunchScreen.storyboard; sourceTree = "<group>"; };
		6D4769221FD1F61800E192E8 /* Info.plist */ = {isa = PBXFileReference; lastKnownFileType = text.plist.xml; path = Info.plist; sourceTree = "<group>"; };
		6D4769271FD1F61800E192E8 /* ExpensesTests.xctest */ = {isa = PBXFileReference; explicitFileType = wrapper.cfbundle; includeInIndex = 0; path = ExpensesTests.xctest; sourceTree = BUILT_PRODUCTS_DIR; };
		6D47692B1FD1F61800E192E8 /* ExpensesTests.swift */ = {isa = PBXFileReference; lastKnownFileType = sourcecode.swift; path = ExpensesTests.swift; sourceTree = "<group>"; };
		6D47692D1FD1F61800E192E8 /* Info.plist */ = {isa = PBXFileReference; lastKnownFileType = text.plist.xml; path = Info.plist; sourceTree = "<group>"; };
		6D4769321FD1F61800E192E8 /* ExpensesUITests.xctest */ = {isa = PBXFileReference; explicitFileType = wrapper.cfbundle; includeInIndex = 0; path = ExpensesUITests.xctest; sourceTree = BUILT_PRODUCTS_DIR; };
		6D4769361FD1F61800E192E8 /* ExpensesUITests.swift */ = {isa = PBXFileReference; lastKnownFileType = sourcecode.swift; path = ExpensesUITests.swift; sourceTree = "<group>"; };
		6D4769381FD1F61800E192E8 /* Info.plist */ = {isa = PBXFileReference; lastKnownFileType = text.plist.xml; path = Info.plist; sourceTree = "<group>"; };
		6D4769441FD1F6D900E192E8 /* Expense+CoreDataClass.swift */ = {isa = PBXFileReference; lastKnownFileType = sourcecode.swift; path = "Expense+CoreDataClass.swift"; sourceTree = "<group>"; };
		6D4769451FD1F6D900E192E8 /* Expense+CoreDataProperties.swift */ = {isa = PBXFileReference; lastKnownFileType = sourcecode.swift; path = "Expense+CoreDataProperties.swift"; sourceTree = "<group>"; };
		6D47694A1FD2558600E192E8 /* ExpenseViewController.swift */ = {isa = PBXFileReference; lastKnownFileType = sourcecode.swift; path = ExpenseViewController.swift; sourceTree = "<group>"; };
/* End PBXFileReference section */

/* Begin PBXFrameworksBuildPhase section */
		6D47690D1FD1F61800E192E8 /* Frameworks */ = {
			isa = PBXFrameworksBuildPhase;
			buildActionMask = 2147483647;
			files = (
			);
			runOnlyForDeploymentPostprocessing = 0;
		};
		6D4769241FD1F61800E192E8 /* Frameworks */ = {
			isa = PBXFrameworksBuildPhase;
			buildActionMask = 2147483647;
			files = (
			);
			runOnlyForDeploymentPostprocessing = 0;
		};
		6D47692F1FD1F61800E192E8 /* Frameworks */ = {
			isa = PBXFrameworksBuildPhase;
			buildActionMask = 2147483647;
			files = (
			);
			runOnlyForDeploymentPostprocessing = 0;
		};
/* End PBXFrameworksBuildPhase section */

/* Begin PBXGroup section */
		6D4769071FD1F61800E192E8 = {
			isa = PBXGroup;
			children = (
				6D4769121FD1F61800E192E8 /* Expenses */,
				6D47692A1FD1F61800E192E8 /* ExpensesTests */,
				6D4769351FD1F61800E192E8 /* ExpensesUITests */,
				6D4769111FD1F61800E192E8 /* Products */,
			);
			sourceTree = "<group>";
		};
		6D4769111FD1F61800E192E8 /* Products */ = {
			isa = PBXGroup;
			children = (
				6D4769101FD1F61800E192E8 /* Expenses.app */,
				6D4769271FD1F61800E192E8 /* ExpensesTests.xctest */,
				6D4769321FD1F61800E192E8 /* ExpensesUITests.xctest */,
			);
			name = Products;
			sourceTree = "<group>";
		};
		6D4769121FD1F61800E192E8 /* Expenses */ = {
			isa = PBXGroup;
			children = (
				6D4769441FD1F6D900E192E8 /* Expense+CoreDataClass.swift */,
				6D4769451FD1F6D900E192E8 /* Expense+CoreDataProperties.swift */,
				6D4769131FD1F61800E192E8 /* AppDelegate.swift */,
				6D4769151FD1F61800E192E8 /* ViewController.swift */,
				6D4769171FD1F61800E192E8 /* Main.storyboard */,
				6D47694A1FD2558600E192E8 /* ExpenseViewController.swift */,
				6D47691D1FD1F61800E192E8 /* Assets.xcassets */,
				6D47691F1FD1F61800E192E8 /* LaunchScreen.storyboard */,
				6D4769221FD1F61800E192E8 /* Info.plist */,
				6D47691A1FD1F61800E192E8 /* Expenses.xcdatamodeld */,
			);
			path = Expenses;
			sourceTree = "<group>";
		};
		6D47692A1FD1F61800E192E8 /* ExpensesTests */ = {
			isa = PBXGroup;
			children = (
				6D47692B1FD1F61800E192E8 /* ExpensesTests.swift */,
				6D47692D1FD1F61800E192E8 /* Info.plist */,
			);
			path = ExpensesTests;
			sourceTree = "<group>";
		};
		6D4769351FD1F61800E192E8 /* ExpensesUITests */ = {
			isa = PBXGroup;
			children = (
				6D4769361FD1F61800E192E8 /* ExpensesUITests.swift */,
				6D4769381FD1F61800E192E8 /* Info.plist */,
			);
			path = ExpensesUITests;
			sourceTree = "<group>";
		};
/* End PBXGroup section */

/* Begin PBXNativeTarget section */
		6D47690F1FD1F61800E192E8 /* Expenses */ = {
			isa = PBXNativeTarget;
			buildConfigurationList = 6D47693B1FD1F61800E192E8 /* Build configuration list for PBXNativeTarget "Expenses" */;
			buildPhases = (
				6D47690C1FD1F61800E192E8 /* Sources */,
				6D47690D1FD1F61800E192E8 /* Frameworks */,
				6D47690E1FD1F61800E192E8 /* Resources */,
			);
			buildRules = (
			);
			dependencies = (
			);
			name = Expenses;
			productName = Expenses;
			productReference = 6D4769101FD1F61800E192E8 /* Expenses.app */;
			productType = "com.apple.product-type.application";
		};
		6D4769261FD1F61800E192E8 /* ExpensesTests */ = {
			isa = PBXNativeTarget;
			buildConfigurationList = 6D47693E1FD1F61800E192E8 /* Build configuration list for PBXNativeTarget "ExpensesTests" */;
			buildPhases = (
				6D4769231FD1F61800E192E8 /* Sources */,
				6D4769241FD1F61800E192E8 /* Frameworks */,
				6D4769251FD1F61800E192E8 /* Resources */,
			);
			buildRules = (
			);
			dependencies = (
				6D4769291FD1F61800E192E8 /* PBXTargetDependency */,
			);
			name = ExpensesTests;
			productName = ExpensesTests;
			productReference = 6D4769271FD1F61800E192E8 /* ExpensesTests.xctest */;
			productType = "com.apple.product-type.bundle.unit-test";
		};
		6D4769311FD1F61800E192E8 /* ExpensesUITests */ = {
			isa = PBXNativeTarget;
			buildConfigurationList = 6D4769411FD1F61800E192E8 /* Build configuration list for PBXNativeTarget "ExpensesUITests" */;
			buildPhases = (
				6D47692E1FD1F61800E192E8 /* Sources */,
				6D47692F1FD1F61800E192E8 /* Frameworks */,
				6D4769301FD1F61800E192E8 /* Resources */,
			);
			buildRules = (
			);
			dependencies = (
				6D4769341FD1F61800E192E8 /* PBXTargetDependency */,
			);
			name = ExpensesUITests;
			productName = ExpensesUITests;
			productReference = 6D4769321FD1F61800E192E8 /* ExpensesUITests.xctest */;
			productType = "com.apple.product-type.bundle.ui-testing";
		};
/* End PBXNativeTarget section */

/* Begin PBXProject section */
		6D4769081FD1F61800E192E8 /* Project object */ = {
			isa = PBXProject;
			attributes = {
				LastSwiftUpdateCheck = 0900;
				LastUpgradeCheck = 0900;
				ORGANIZATIONNAME = "Liam Flaherty";
				TargetAttributes = {
					6D47690F1FD1F61800E192E8 = {
						CreatedOnToolsVersion = 9.0;
						ProvisioningStyle = Automatic;
					};
					6D4769261FD1F61800E192E8 = {
						CreatedOnToolsVersion = 9.0;
						ProvisioningStyle = Automatic;
						TestTargetID = 6D47690F1FD1F61800E192E8;
					};
					6D4769311FD1F61800E192E8 = {
						CreatedOnToolsVersion = 9.0;
						ProvisioningStyle = Automatic;
						TestTargetID = 6D47690F1FD1F61800E192E8;
					};
				};
			};
			buildConfigurationList = 6D47690B1FD1F61800E192E8 /* Build configuration list for PBXProject "Expenses" */;
			compatibilityVersion = "Xcode 8.0";
			developmentRegion = en;
			hasScannedForEncodings = 0;
			knownRegions = (
				en,
				Base,
			);
			mainGroup = 6D4769071FD1F61800E192E8;
			productRefGroup = 6D4769111FD1F61800E192E8 /* Products */;
			projectDirPath = "";
			projectRoot = "";
			targets = (
				6D47690F1FD1F61800E192E8 /* Expenses */,
				6D4769261FD1F61800E192E8 /* ExpensesTests */,
				6D4769311FD1F61800E192E8 /* ExpensesUITests */,
			);
		};
/* End PBXProject section */

/* Begin PBXResourcesBuildPhase section */
		6D47690E1FD1F61800E192E8 /* Resources */ = {
			isa = PBXResourcesBuildPhase;
			buildActionMask = 2147483647;
			files = (
				6D4769211FD1F61800E192E8 /* LaunchScreen.storyboard in Resources */,
				6D47691E1FD1F61800E192E8 /* Assets.xcassets in Resources */,
				6D4769191FD1F61800E192E8 /* Main.storyboard in Resources */,
			);
			runOnlyForDeploymentPostprocessing = 0;
		};
		6D4769251FD1F61800E192E8 /* Resources */ = {
			isa = PBXResourcesBuildPhase;
			buildActionMask = 2147483647;
			files = (
			);
			runOnlyForDeploymentPostprocessing = 0;
		};
		6D4769301FD1F61800E192E8 /* Resources */ = {
			isa = PBXResourcesBuildPhase;
			buildActionMask = 2147483647;
			files = (
			);
			runOnlyForDeploymentPostprocessing = 0;
		};
/* End PBXResourcesBuildPhase section */

/* Begin PBXSourcesBuildPhase section */
		6D47690C1FD1F61800E192E8 /* Sources */ = {
			isa = PBXSourcesBuildPhase;
			buildActionMask = 2147483647;
			files = (
				6D4769161FD1F61800E192E8 /* ViewController.swift in Sources */,
				6D4769471FD1F6D900E192E8 /* Expense+CoreDataProperties.swift in Sources */,
				6D47691C1FD1F61800E192E8 /* Expenses.xcdatamodeld in Sources */,
				6D4769461FD1F6D900E192E8 /* Expense+CoreDataClass.swift in Sources */,
				6D4769141FD1F61800E192E8 /* AppDelegate.swift in Sources */,
				6D47694B1FD2558600E192E8 /* ExpenseViewController.swift in Sources */,
			);
			runOnlyForDeploymentPostprocessing = 0;
		};
		6D4769231FD1F61800E192E8 /* Sources */ = {
			isa = PBXSourcesBuildPhase;
			buildActionMask = 2147483647;
			files = (
				6D47692C1FD1F61800E192E8 /* ExpensesTests.swift in Sources */,
			);
			runOnlyForDeploymentPostprocessing = 0;
		};
		6D47692E1FD1F61800E192E8 /* Sources */ = {
			isa = PBXSourcesBuildPhase;
			buildActionMask = 2147483647;
			files = (
				6D4769371FD1F61800E192E8 /* ExpensesUITests.swift in Sources */,
			);
			runOnlyForDeploymentPostprocessing = 0;
		};
/* End PBXSourcesBuildPhase section */

/* Begin PBXTargetDependency section */
		6D4769291FD1F61800E192E8 /* PBXTargetDependency */ = {
			isa = PBXTargetDependency;
			target = 6D47690F1FD1F61800E192E8 /* Expenses */;
			targetProxy = 6D4769281FD1F61800E192E8 /* PBXContainerItemProxy */;
		};
		6D4769341FD1F61800E192E8 /* PBXTargetDependency */ = {
			isa = PBXTargetDependency;
			target = 6D47690F1FD1F61800E192E8 /* Expenses */;
			targetProxy = 6D4769331FD1F61800E192E8 /* PBXContainerItemProxy */;
		};
/* End PBXTargetDependency section */

/* Begin PBXVariantGroup section */
		6D4769171FD1F61800E192E8 /* Main.storyboard */ = {
			isa = PBXVariantGroup;
			children = (
				6D4769181FD1F61800E192E8 /* Base */,
			);
			name = Main.storyboard;
			sourceTree = "<group>";
		};
		6D47691F1FD1F61800E192E8 /* LaunchScreen.storyboard */ = {
			isa = PBXVariantGroup;
			children = (
				6D4769201FD1F61800E192E8 /* Base */,
			);
			name = LaunchScreen.storyboard;
			sourceTree = "<group>";
		};
/* End PBXVariantGroup section */

/* Begin XCBuildConfiguration section */
		6D4769391FD1F61800E192E8 /* Debug */ = {
			isa = XCBuildConfiguration;
			buildSettings = {
				ALWAYS_SEARCH_USER_PATHS = NO;
				CLANG_ANALYZER_NONNULL = YES;
				CLANG_ANALYZER_NUMBER_OBJECT_CONVERSION = YES_AGGRESSIVE;
				CLANG_CXX_LANGUAGE_STANDARD = "gnu++14";
				CLANG_CXX_LIBRARY = "libc++";
				CLANG_ENABLE_MODULES = YES;
				CLANG_ENABLE_OBJC_ARC = YES;
				CLANG_WARN_BLOCK_CAPTURE_AUTORELEASING = YES;
				CLANG_WARN_BOOL_CONVERSION = YES;
				CLANG_WARN_COMMA = YES;
				CLANG_WARN_CONSTANT_CONVERSION = YES;
				CLANG_WARN_DIRECT_OBJC_ISA_USAGE = YES_ERROR;
				CLANG_WARN_DOCUMENTATION_COMMENTS = YES;
				CLANG_WARN_EMPTY_BODY = YES;
				CLANG_WARN_ENUM_CONVERSION = YES;
				CLANG_WARN_INFINITE_RECURSION = YES;
				CLANG_WARN_INT_CONVERSION = YES;
				CLANG_WARN_NON_LITERAL_NULL_CONVERSION = YES;
				CLANG_WARN_OBJC_LITERAL_CONVERSION = YES;
				CLANG_WARN_OBJC_ROOT_CLASS = YES_ERROR;
				CLANG_WARN_RANGE_LOOP_ANALYSIS = YES;
				CLANG_WARN_STRICT_PROTOTYPES = YES;
				CLANG_WARN_SUSPICIOUS_MOVE = YES;
				CLANG_WARN_UNGUARDED_AVAILABILITY = YES_AGGRESSIVE;
				CLANG_WARN_UNREACHABLE_CODE = YES;
				CLANG_WARN__DUPLICATE_METHOD_MATCH = YES;
				CODE_SIGN_IDENTITY = "iPhone Developer";
				COPY_PHASE_STRIP = NO;
				DEBUG_INFORMATION_FORMAT = dwarf;
				ENABLE_STRICT_OBJC_MSGSEND = YES;
				ENABLE_TESTABILITY = YES;
				GCC_C_LANGUAGE_STANDARD = gnu11;
				GCC_DYNAMIC_NO_PIC = NO;
				GCC_NO_COMMON_BLOCKS = YES;
				GCC_OPTIMIZATION_LEVEL = 0;
				GCC_PREPROCESSOR_DEFINITIONS = (
					"DEBUG=1",
					"$(inherited)",
				);
				GCC_WARN_64_TO_32_BIT_CONVERSION = YES;
				GCC_WARN_ABOUT_RETURN_TYPE = YES_ERROR;
				GCC_WARN_UNDECLARED_SELECTOR = YES;
				GCC_WARN_UNINITIALIZED_AUTOS = YES_AGGRESSIVE;
				GCC_WARN_UNUSED_FUNCTION = YES;
				GCC_WARN_UNUSED_VARIABLE = YES;
				IPHONEOS_DEPLOYMENT_TARGET = 11.0;
				MTL_ENABLE_DEBUG_INFO = YES;
				ONLY_ACTIVE_ARCH = YES;
				SDKROOT = iphoneos;
				SWIFT_ACTIVE_COMPILATION_CONDITIONS = DEBUG;
				SWIFT_OPTIMIZATION_LEVEL = "-Onone";
			};
			name = Debug;
		};
		6D47693A1FD1F61800E192E8 /* Release */ = {
			isa = XCBuildConfiguration;
			buildSettings = {
				ALWAYS_SEARCH_USER_PATHS = NO;
				CLANG_ANALYZER_NONNULL = YES;
				CLANG_ANALYZER_NUMBER_OBJECT_CONVERSION = YES_AGGRESSIVE;
				CLANG_CXX_LANGUAGE_STANDARD = "gnu++14";
				CLANG_CXX_LIBRARY = "libc++";
				CLANG_ENABLE_MODULES = YES;
				CLANG_ENABLE_OBJC_ARC = YES;
				CLANG_WARN_BLOCK_CAPTURE_AUTORELEASING = YES;
				CLANG_WARN_BOOL_CONVERSION = YES;
				CLANG_WARN_COMMA = YES;
				CLANG_WARN_CONSTANT_CONVERSION = YES;
				CLANG_WARN_DIRECT_OBJC_ISA_USAGE = YES_ERROR;
				CLANG_WARN_DOCUMENTATION_COMMENTS = YES;
				CLANG_WARN_EMPTY_BODY = YES;
				CLANG_WARN_ENUM_CONVERSION = YES;
				CLANG_WARN_INFINITE_RECURSION = YES;
				CLANG_WARN_INT_CONVERSION = YES;
				CLANG_WARN_NON_LITERAL_NULL_CONVERSION = YES;
				CLANG_WARN_OBJC_LITERAL_CONVERSION = YES;
				CLANG_WARN_OBJC_ROOT_CLASS = YES_ERROR;
				CLANG_WARN_RANGE_LOOP_ANALYSIS = YES;
				CLANG_WARN_STRICT_PROTOTYPES = YES;
				CLANG_WARN_SUSPICIOUS_MOVE = YES;
				CLANG_WARN_UNGUARDED_AVAILABILITY = YES_AGGRESSIVE;
				CLANG_WARN_UNREACHABLE_CODE = YES;
				CLANG_WARN__DUPLICATE_METHOD_MATCH = YES;
				CODE_SIGN_IDENTITY = "iPhone Developer";
				COPY_PHASE_STRIP = NO;
				DEBUG_INFORMATION_FORMAT = "dwarf-with-dsym";
				ENABLE_NS_ASSERTIONS = NO;
				ENABLE_STRICT_OBJC_MSGSEND = YES;
				GCC_C_LANGUAGE_STANDARD = gnu11;
				GCC_NO_COMMON_BLOCKS = YES;
				GCC_WARN_64_TO_32_BIT_CONVERSION = YES;
				GCC_WARN_ABOUT_RETURN_TYPE = YES_ERROR;
				GCC_WARN_UNDECLARED_SELECTOR = YES;
				GCC_WARN_UNINITIALIZED_AUTOS = YES_AGGRESSIVE;
				GCC_WARN_UNUSED_FUNCTION = YES;
				GCC_WARN_UNUSED_VARIABLE = YES;
				IPHONEOS_DEPLOYMENT_TARGET = 11.0;
				MTL_ENABLE_DEBUG_INFO = NO;
				SDKROOT = iphoneos;
				SWIFT_OPTIMIZATION_LEVEL = "-Owholemodule";
				VALIDATE_PRODUCT = YES;
			};
			name = Release;
		};
		6D47693C1FD1F61800E192E8 /* Debug */ = {
			isa = XCBuildConfiguration;
			buildSettings = {
				ASSETCATALOG_COMPILER_APPICON_NAME = AppIcon;
				CODE_SIGN_STYLE = Automatic;
				INFOPLIST_FILE = Expenses/Info.plist;
				LD_RUNPATH_SEARCH_PATHS = "$(inherited) @executable_path/Frameworks";
				PRODUCT_BUNDLE_IDENTIFIER = online.tech4001.Expenses;
				PRODUCT_NAME = "$(TARGET_NAME)";
				SWIFT_VERSION = 4.0;
				TARGETED_DEVICE_FAMILY = "1,2";
			};
			name = Debug;
		};
		6D47693D1FD1F61800E192E8 /* Release */ = {
			isa = XCBuildConfiguration;
			buildSettings = {
				ASSETCATALOG_COMPILER_APPICON_NAME = AppIcon;
				CODE_SIGN_STYLE = Automatic;
				INFOPLIST_FILE = Expenses/Info.plist;
				LD_RUNPATH_SEARCH_PATHS = "$(inherited) @executable_path/Frameworks";
				PRODUCT_BUNDLE_IDENTIFIER = online.tech4001.Expenses;
				PRODUCT_NAME = "$(TARGET_NAME)";
				SWIFT_VERSION = 4.0;
				TARGETED_DEVICE_FAMILY = "1,2";
			};
			name = Release;
		};
		6D47693F1FD1F61800E192E8 /* Debug */ = {
			isa = XCBuildConfiguration;
			buildSettings = {
				ALWAYS_EMBED_SWIFT_STANDARD_LIBRARIES = YES;
				BUNDLE_LOADER = "$(TEST_HOST)";
				CODE_SIGN_STYLE = Automatic;
				INFOPLIST_FILE = ExpensesTests/Info.plist;
				LD_RUNPATH_SEARCH_PATHS = "$(inherited) @executable_path/Frameworks @loader_path/Frameworks";
				PRODUCT_BUNDLE_IDENTIFIER = "Infotech-4001-1st.ExpensesTests";
				PRODUCT_NAME = "$(TARGET_NAME)";
				SWIFT_VERSION = 4.0;
				TARGETED_DEVICE_FAMILY = "1,2";
				TEST_HOST = "$(BUILT_PRODUCTS_DIR)/Expenses.app/Expenses";
			};
			name = Debug;
		};
		6D4769401FD1F61800E192E8 /* Release */ = {
			isa = XCBuildConfiguration;
			buildSettings = {
				ALWAYS_EMBED_SWIFT_STANDARD_LIBRARIES = YES;
				BUNDLE_LOADER = "$(TEST_HOST)";
				CODE_SIGN_STYLE = Automatic;
				INFOPLIST_FILE = ExpensesTests/Info.plist;
				LD_RUNPATH_SEARCH_PATHS = "$(inherited) @executable_path/Frameworks @loader_path/Frameworks";
				PRODUCT_BUNDLE_IDENTIFIER = "Infotech-4001-1st.ExpensesTests";
				PRODUCT_NAME = "$(TARGET_NAME)";
				SWIFT_VERSION = 4.0;
				TARGETED_DEVICE_FAMILY = "1,2";
				TEST_HOST = "$(BUILT_PRODUCTS_DIR)/Expenses.app/Expenses";
			};
			name = Release;
		};
		6D4769421FD1F61800E192E8 /* Debug */ = {
			isa = XCBuildConfiguration;
			buildSettings = {
				ALWAYS_EMBED_SWIFT_STANDARD_LIBRARIES = YES;
				CODE_SIGN_STYLE = Automatic;
				INFOPLIST_FILE = ExpensesUITests/Info.plist;
				LD_RUNPATH_SEARCH_PATHS = "$(inherited) @executable_path/Frameworks @loader_path/Frameworks";
				PRODUCT_BUNDLE_IDENTIFIER = "Infotech-4001-1st.ExpensesUITests";
				PRODUCT_NAME = "$(TARGET_NAME)";
				SWIFT_VERSION = 4.0;
				TARGETED_DEVICE_FAMILY = "1,2";
				TEST_TARGET_NAME = Expenses;
			};
			name = Debug;
		};
		6D4769431FD1F61800E192E8 /* Release */ = {
			isa = XCBuildConfiguration;
			buildSettings = {
				ALWAYS_EMBED_SWIFT_STANDARD_LIBRARIES = YES;
				CODE_SIGN_STYLE = Automatic;
				INFOPLIST_FILE = ExpensesUITests/Info.plist;
				LD_RUNPATH_SEARCH_PATHS = "$(inherited) @executable_path/Frameworks @loader_path/Frameworks";
				PRODUCT_BUNDLE_IDENTIFIER = "Infotech-4001-1st.ExpensesUITests";
				PRODUCT_NAME = "$(TARGET_NAME)";
				SWIFT_VERSION = 4.0;
				TARGETED_DEVICE_FAMILY = "1,2";
				TEST_TARGET_NAME = Expenses;
			};
			name = Release;
		};
/* End XCBuildConfiguration section */

/* Begin XCConfigurationList section */
		6D47690B1FD1F61800E192E8 /* Build configuration list for PBXProject "Expenses" */ = {
			isa = XCConfigurationList;
			buildConfigurations = (
				6D4769391FD1F61800E192E8 /* Debug */,
				6D47693A1FD1F61800E192E8 /* Release */,
			);
			defaultConfigurationIsVisible = 0;
			defaultConfigurationName = Release;
		};
		6D47693B1FD1F61800E192E8 /* Build configuration list for PBXNativeTarget "Expenses" */ = {
			isa = XCConfigurationList;
			buildConfigurations = (
				6D47693C1FD1F61800E192E8 /* Debug */,
				6D47693D1FD1F61800E192E8 /* Release */,
			);
			defaultConfigurationIsVisible = 0;
			defaultConfigurationName = Release;
		};
		6D47693E1FD1F61800E192E8 /* Build configuration list for PBXNativeTarget "ExpensesTests" */ = {
			isa = XCConfigurationList;
			buildConfigurations = (
				6D47693F1FD1F61800E192E8 /* Debug */,
				6D4769401FD1F61800E192E8 /* Release */,
			);
			defaultConfigurationIsVisible = 0;
			defaultConfigurationName = Release;
		};
		6D4769411FD1F61800E192E8 /* Build configuration list for PBXNativeTarget "ExpensesUITests" */ = {
			isa = XCConfigurationList;
			buildConfigurations = (
				6D4769421FD1F61800E192E8 /* Debug */,
				6D4769431FD1F61800E192E8 /* Release */,
			);
			defaultConfigurationIsVisible = 0;
			defaultConfigurationName = Release;
		};
/* End XCConfigurationList section */

/* Begin XCVersionGroup section */
		6D47691A1FD1F61800E192E8 /* Expenses.xcdatamodeld */ = {
			isa = XCVersionGroup;
			children = (
				6D47691B1FD1F61800E192E8 /* Expenses.xcdatamodel */,
			);
			currentVersion = 6D47691B1FD1F61800E192E8 /* Expenses.xcdatamodel */;
			path = Expenses.xcdatamodeld;
			sourceTree = "<group>";
			versionGroupType = wrapper.xcdatamodel;
		};
/* End XCVersionGroup section */
	};
	rootObject = 6D4769081FD1F61800E192E8 /* Project object */;
}
